// !$*UTF8*$!
{
	archiveVersion = 1;
	classes = {
	};
	objectVersion = 46;
	objects = {

/* Begin PBXBuildFile section */
		87EB121F1C4358C3005A6BA1 /* main.m in Sources */ = {isa = PBXBuildFile; fileRef = 87EB121E1C4358C3005A6BA1 /* main.m */; };
		87EB12221C4358C3005A6BA1 /* AppDelegate.m in Sources */ = {isa = PBXBuildFile; fileRef = 87EB12211C4358C3005A6BA1 /* AppDelegate.m */; };
		87EB12251C4358C3005A6BA1 /* ViewController.m in Sources */ = {isa = PBXBuildFile; fileRef = 87EB12241C4358C3005A6BA1 /* ViewController.m */; };
		87EB12281C4358C3005A6BA1 /* Main.storyboard in Resources */ = {isa = PBXBuildFile; fileRef = 87EB12261C4358C3005A6BA1 /* Main.storyboard */; };
		87EB122A1C4358C3005A6BA1 /* Assets.xcassets in Resources */ = {isa = PBXBuildFile; fileRef = 87EB12291C4358C3005A6BA1 /* Assets.xcassets */; };
		87EB122D1C4358C3005A6BA1 /* LaunchScreen.storyboard in Resources */ = {isa = PBXBuildFile; fileRef = 87EB122B1C4358C3005A6BA1 /* LaunchScreen.storyboard */; };
		87EB12381C4358C4005A6BA1 /* angerbirdTests.m in Sources */ = {isa = PBXBuildFile; fileRef = 87EB12371C4358C4005A6BA1 /* angerbirdTests.m */; };
		87EB12431C4358C4005A6BA1 /* angerbirdUITests.m in Sources */ = {isa = PBXBuildFile; fileRef = 87EB12421C4358C4005A6BA1 /* angerbirdUITests.m */; };
/* End PBXBuildFile section */

/* Begin PBXContainerItemProxy section */
		87EB12341C4358C4005A6BA1 /* PBXContainerItemProxy */ = {
			isa = PBXContainerItemProxy;
			containerPortal = 87EB12121C4358C2005A6BA1 /* Project object */;
			proxyType = 1;
			remoteGlobalIDString = 87EB12191C4358C2005A6BA1;
			remoteInfo = angerbird;
		};
		87EB123F1C4358C4005A6BA1 /* PBXContainerItemProxy */ = {
			isa = PBXContainerItemProxy;
			containerPortal = 87EB12121C4358C2005A6BA1 /* Project object */;
			proxyType = 1;
			remoteGlobalIDString = 87EB12191C4358C2005A6BA1;
			remoteInfo = angerbird;
		};
/* End PBXContainerItemProxy section */

/* Begin PBXFileReference section */
		87EB121A1C4358C2005A6BA1 /* angerbird.app */ = {isa = PBXFileReference; explicitFileType = wrapper.application; includeInIndex = 0; path = angerbird.app; sourceTree = BUILT_PRODUCTS_DIR; };
		87EB121E1C4358C3005A6BA1 /* main.m */ = {isa = PBXFileReference; lastKnownFileType = sourcecode.c.objc; path = main.m; sourceTree = "<group>"; };
		87EB12201C4358C3005A6BA1 /* AppDelegate.h */ = {isa = PBXFileReference; lastKnownFileType = sourcecode.c.h; path = AppDelegate.h; sourceTree = "<group>"; };
		87EB12211C4358C3005A6BA1 /* AppDelegate.m */ = {isa = PBXFileReference; lastKnownFileType = sourcecode.c.objc; path = AppDelegate.m; sourceTree = "<group>"; };
		87EB12231C4358C3005A6BA1 /* ViewController.h */ = {isa = PBXFileReference; lastKnownFileType = sourcecode.c.h; path = ViewController.h; sourceTree = "<group>"; };
		87EB12241C4358C3005A6BA1 /* ViewController.m */ = {isa = PBXFileReference; lastKnownFileType = sourcecode.c.objc; path = ViewController.m; sourceTree = "<group>"; };
		87EB12271C4358C3005A6BA1 /* Base */ = {isa = PBXFileReference; lastKnownFileType = file.storyboard; name = Base; path = Base.lproj/Main.storyboard; sourceTree = "<group>"; };
		87EB12291C4358C3005A6BA1 /* Assets.xcassets */ = {isa = PBXFileReference; lastKnownFileType = folder.assetcatalog; path = Assets.xcassets; sourceTree = "<group>"; };
		87EB122C1C4358C3005A6BA1 /* Base */ = {isa = PBXFileReference; lastKnownFileType = file.storyboard; name = Base; path = Base.lproj/LaunchScreen.storyboard; sourceTree = "<group>"; };
		87EB122E1C4358C3005A6BA1 /* Info.plist */ = {isa = PBXFileReference; lastKnownFileType = text.plist.xml; path = Info.plist; sourceTree = "<group>"; };
		87EB12331C4358C4005A6BA1 /* angerbirdTests.xctest */ = {isa = PBXFileReference; explicitFileType = wrapper.cfbundle; includeInIndex = 0; path = angerbirdTests.xctest; sourceTree = BUILT_PRODUCTS_DIR; };
		87EB12371C4358C4005A6BA1 /* angerbirdTests.m */ = {isa = PBXFileReference; lastKnownFileType = sourcecode.c.objc; path = angerbirdTests.m; sourceTree = "<group>"; };
		87EB12391C4358C4005A6BA1 /* Info.plist */ = {isa = PBXFileReference; lastKnownFileType = text.plist.xml; path = Info.plist; sourceTree = "<group>"; };
		87EB123E1C4358C4005A6BA1 /* angerbirdUITests.xctest */ = {isa = PBXFileReference; explicitFileType = wrapper.cfbundle; includeInIndex = 0; path = angerbirdUITests.xctest; sourceTree = BUILT_PRODUCTS_DIR; };
		87EB12421C4358C4005A6BA1 /* angerbirdUITests.m */ = {isa = PBXFileReference; lastKnownFileType = sourcecode.c.objc; path = angerbirdUITests.m; sourceTree = "<group>"; };
		87EB12441C4358C4005A6BA1 /* Info.plist */ = {isa = PBXFileReference; lastKnownFileType = text.plist.xml; path = Info.plist; sourceTree = "<group>"; };
/* End PBXFileReference section */

/* Begin PBXFrameworksBuildPhase section */
		87EB12171C4358C2005A6BA1 /* Frameworks */ = {
			isa = PBXFrameworksBuildPhase;
			buildActionMask = 2147483647;
			files = (
			);
			runOnlyForDeploymentPostprocessing = 0;
		};
		87EB12301C4358C4005A6BA1 /* Frameworks */ = {
			isa = PBXFrameworksBuildPhase;
			buildActionMask = 2147483647;
			files = (
			);
			runOnlyForDeploymentPostprocessing = 0;
		};
		87EB123B1C4358C4005A6BA1 /* Frameworks */ = {
			isa = PBXFrameworksBuildPhase;
			buildActionMask = 2147483647;
			files = (
			);
			runOnlyForDeploymentPostprocessing = 0;
		};
/* End PBXFrameworksBuildPhase section */

/* Begin PBXGroup section */
		87EB12111C4358C2005A6BA1 = {
			isa = PBXGroup;
			children = (
				87EB121C1C4358C3005A6BA1 /* angerbird */,
				87EB12361C4358C4005A6BA1 /* angerbirdTests */,
				87EB12411C4358C4005A6BA1 /* angerbirdUITests */,
				87EB121B1C4358C2005A6BA1 /* Products */,
			);
			sourceTree = "<group>";
		};
		87EB121B1C4358C2005A6BA1 /* Products */ = {
			isa = PBXGroup;
			children = (
				87EB121A1C4358C2005A6BA1 /* angerbird.app */,
				87EB12331C4358C4005A6BA1 /* angerbirdTests.xctest */,
				87EB123E1C4358C4005A6BA1 /* angerbirdUITests.xctest */,
			);
			name = Products;
			sourceTree = "<group>";
		};
		87EB121C1C4358C3005A6BA1 /* angerbird */ = {
			isa = PBXGroup;
			children = (
				87EB12201C4358C3005A6BA1 /* AppDelegate.h */,
				87EB12211C4358C3005A6BA1 /* AppDelegate.m */,
				87EB12231C4358C3005A6BA1 /* ViewController.h */,
				87EB12241C4358C3005A6BA1 /* ViewController.m */,
				87EB12261C4358C3005A6BA1 /* Main.storyboard */,
				87EB12291C4358C3005A6BA1 /* Assets.xcassets */,
				87EB122B1C4358C3005A6BA1 /* LaunchScreen.storyboard */,
				87EB122E1C4358C3005A6BA1 /* Info.plist */,
				87EB121D1C4358C3005A6BA1 /* Supporting Files */,
			);
			path = angerbird;
			sourceTree = "<group>";
		};
		87EB121D1C4358C3005A6BA1 /* Supporting Files */ = {
			isa = PBXGroup;
			children = (
				87EB121E1C4358C3005A6BA1 /* main.m */,
			);
			name = "Supporting Files";
			sourceTree = "<group>";
		};
		87EB12361C4358C4005A6BA1 /* angerbirdTests */ = {
			isa = PBXGroup;
			children = (
				87EB12371C4358C4005A6BA1 /* angerbirdTests.m */,
				87EB12391C4358C4005A6BA1 /* Info.plist */,
			);
			path = angerbirdTests;
			sourceTree = "<group>";
		};
		87EB12411C4358C4005A6BA1 /* angerbirdUITests */ = {
			isa = PBXGroup;
			children = (
				87EB12421C4358C4005A6BA1 /* angerbirdUITests.m */,
				87EB12441C4358C4005A6BA1 /* Info.plist */,
			);
			path = angerbirdUITests;
			sourceTree = "<group>";
		};
/* End PBXGroup section */

/* Begin PBXNativeTarget section */
		87EB12191C4358C2005A6BA1 /* angerbird */ = {
			isa = PBXNativeTarget;
			buildConfigurationList = 87EB12471C4358C4005A6BA1 /* Build configuration list for PBXNativeTarget "angerbird" */;
			buildPhases = (
				87EB12161C4358C2005A6BA1 /* Sources */,
				87EB12171C4358C2005A6BA1 /* Frameworks */,
				87EB12181C4358C2005A6BA1 /* Resources */,
			);
			buildRules = (
			);
			dependencies = (
			);
			name = angerbird;
			productName = angerbird;
			productReference = 87EB121A1C4358C2005A6BA1 /* angerbird.app */;
			productType = "com.apple.product-type.application";
		};
		87EB12321C4358C4005A6BA1 /* angerbirdTests */ = {
			isa = PBXNativeTarget;
			buildConfigurationList = 87EB124A1C4358C4005A6BA1 /* Build configuration list for PBXNativeTarget "angerbirdTests" */;
			buildPhases = (
				87EB122F1C4358C4005A6BA1 /* Sources */,
				87EB12301C4358C4005A6BA1 /* Frameworks */,
				87EB12311C4358C4005A6BA1 /* Resources */,
			);
			buildRules = (
			);
			dependencies = (
				87EB12351C4358C4005A6BA1 /* PBXTargetDependency */,
			);
			name = angerbirdTests;
			productName = angerbirdTests;
			productReference = 87EB12331C4358C4005A6BA1 /* angerbirdTests.xctest */;
			productType = "com.apple.product-type.bundle.unit-test";
		};
		87EB123D1C4358C4005A6BA1 /* angerbirdUITests */ = {
			isa = PBXNativeTarget;
			buildConfigurationList = 87EB124D1C4358C4005A6BA1 /* Build configuration list for PBXNativeTarget "angerbirdUITests" */;
			buildPhases = (
				87EB123A1C4358C4005A6BA1 /* Sources */,
				87EB123B1C4358C4005A6BA1 /* Frameworks */,
				87EB123C1C4358C4005A6BA1 /* Resources */,
			);
			buildRules = (
			);
			dependencies = (
				87EB12401C4358C4005A6BA1 /* PBXTargetDependency */,
			);
			name = angerbirdUITests;
			productName = angerbirdUITests;
			productReference = 87EB123E1C4358C4005A6BA1 /* angerbirdUITests.xctest */;
			productType = "com.apple.product-type.bundle.ui-testing";
		};
/* End PBXNativeTarget section */

/* Begin PBXProject section */
		87EB12121C4358C2005A6BA1 /* Project object */ = {
			isa = PBXProject;
			attributes = {
				LastUpgradeCheck = 0700;
				ORGANIZATIONNAME = aiqing;
				TargetAttributes = {
					87EB12191C4358C2005A6BA1 = {
						CreatedOnToolsVersion = 7.0.1;
					};
					87EB12321C4358C4005A6BA1 = {
						CreatedOnToolsVersion = 7.0.1;
						TestTargetID = 87EB12191C4358C2005A6BA1;
					};
					87EB123D1C4358C4005A6BA1 = {
						CreatedOnToolsVersion = 7.0.1;
						TestTargetID = 87EB12191C4358C2005A6BA1;
					};
				};
			};
			buildConfigurationList = 87EB12151C4358C2005A6BA1 /* Build configuration list for PBXProject "angerbird" */;
			compatibilityVersion = "Xcode 3.2";
			developmentRegion = English;
			hasScannedForEncodings = 0;
			knownRegions = (
				en,
				Base,
			);
			mainGroup = 87EB12111C4358C2005A6BA1;
			productRefGroup = 87EB121B1C4358C2005A6BA1 /* Products */;
			projectDirPath = "";
			projectRoot = "";
			targets = (
				87EB12191C4358C2005A6BA1 /* angerbird */,
				87EB12321C4358C4005A6BA1 /* angerbirdTests */,
				87EB123D1C4358C4005A6BA1 /* angerbirdUITests */,
			);
		};
/* End PBXProject section */

/* Begin PBXResourcesBuildPhase section */
		87EB12181C4358C2005A6BA1 /* Resources */ = {
			isa = PBXResourcesBuildPhase;
			buildActionMask = 2147483647;
			files = (
				87EB122D1C4358C3005A6BA1 /* LaunchScreen.storyboard in Resources */,
				87EB122A1C4358C3005A6BA1 /* Assets.xcassets in Resources */,
				87EB12281C4358C3005A6BA1 /* Main.storyboard in Resources */,
			);
			runOnlyForDeploymentPostprocessing = 0;
		};
		87EB12311C4358C4005A6BA1 /* Resources */ = {
			isa = PBXResourcesBuildPhase;
			buildActionMask = 2147483647;
			files = (
			);
			runOnlyForDeploymentPostprocessing = 0;
		};
		87EB123C1C4358C4005A6BA1 /* Resources */ = {
			isa = PBXResourcesBuildPhase;
			buildActionMask = 2147483647;
			files = (
			);
			runOnlyForDeploymentPostprocessing = 0;
		};
/* End PBXResourcesBuildPhase section */

/* Begin PBXSourcesBuildPhase section */
		87EB12161C4358C2005A6BA1 /* Sources */ = {
			isa = PBXSourcesBuildPhase;
			buildActionMask = 2147483647;
			files = (
				87EB12251C4358C3005A6BA1 /* ViewController.m in Sources */,
				87EB12221C4358C3005A6BA1 /* AppDelegate.m in Sources */,
				87EB121F1C4358C3005A6BA1 /* main.m in Sources */,
			);
			runOnlyForDeploymentPostprocessing = 0;
		};
		87EB122F1C4358C4005A6BA1 /* Sources */ = {
			isa = PBXSourcesBuildPhase;
			buildActionMask = 2147483647;
			files = (
				87EB12381C4358C4005A6BA1 /* angerbirdTests.m in Sources */,
			);
			runOnlyForDeploymentPostprocessing = 0;
		};
		87EB123A1C4358C4005A6BA1 /* Sources */ = {
			isa = PBXSourcesBuildPhase;
			buildActionMask = 2147483647;
			files = (
				87EB12431C4358C4005A6BA1 /* angerbirdUITests.m in Sources */,
			);
			runOnlyForDeploymentPostprocessing = 0;
		};
/* End PBXSourcesBuildPhase section */

/* Begin PBXTargetDependency section */
		87EB12351C4358C4005A6BA1 /* PBXTargetDependency */ = {
			isa = PBXTargetDependency;
			target = 87EB12191C4358C2005A6BA1 /* angerbird */;
			targetProxy = 87EB12341C4358C4005A6BA1 /* PBXContainerItemProxy */;
		};
		87EB12401C4358C4005A6BA1 /* PBXTargetDependency */ = {
			isa = PBXTargetDependency;
			target = 87EB12191C4358C2005A6BA1 /* angerbird */;
			targetProxy = 87EB123F1C4358C4005A6BA1 /* PBXContainerItemProxy */;
		};
/* End PBXTargetDependency section */

/* Begin PBXVariantGroup section */
		87EB12261C4358C3005A6BA1 /* Main.storyboard */ = {
			isa = PBXVariantGroup;
			children = (
				87EB12271C4358C3005A6BA1 /* Base */,
			);
			name = Main.storyboard;
			sourceTree = "<group>";
		};
		87EB122B1C4358C3005A6BA1 /* LaunchScreen.storyboard */ = {
			isa = PBXVariantGroup;
			children = (
				87EB122C1C4358C3005A6BA1 /* Base */,
			);
			name = LaunchScreen.storyboard;
			sourceTree = "<group>";
		};
/* End PBXVariantGroup section */

/* Begin XCBuildConfiguration section */
		87EB12451C4358C4005A6BA1 /* Debug */ = {
			isa = XCBuildConfiguration;
			buildSettings = {
				ALWAYS_SEARCH_USER_PATHS = NO;
				CLANG_CXX_LANGUAGE_STANDARD = "gnu++0x";
				CLANG_CXX_LIBRARY = "libc++";
				CLANG_ENABLE_MODULES = YES;
				CLANG_ENABLE_OBJC_ARC = YES;
				CLANG_WARN_BOOL_CONVERSION = YES;
				CLANG_WARN_CONSTANT_CONVERSION = YES;
				CLANG_WARN_DIRECT_OBJC_ISA_USAGE = YES_ERROR;
				CLANG_WARN_EMPTY_BODY = YES;
				CLANG_WARN_ENUM_CONVERSION = YES;
				CLANG_WARN_INT_CONVERSION = YES;
				CLANG_WARN_OBJC_ROOT_CLASS = YES_ERROR;
				CLANG_WARN_UNREACHABLE_CODE = YES;
				CLANG_WARN__DUPLICATE_METHOD_MATCH = YES;
				"CODE_SIGN_IDENTITY[sdk=iphoneos*]" = "iPhone Developer";
				COPY_PHASE_STRIP = NO;
				DEBUG_INFORMATION_FORMAT = dwarf;
				ENABLE_STRICT_OBJC_MSGSEND = YES;
				ENABLE_TESTABILITY = YES;
				GCC_C_LANGUAGE_STANDARD = gnu99;
				GCC_DYNAMIC_NO_PIC = NO;
				GCC_NO_COMMON_BLOCKS = YES;
				GCC_OPTIMIZATION_LEVEL = 0;
				GCC_PREPROCESSOR_DEFINITIONS = (
					"DEBUG=1",
					"$(inherited)",
				);
				GCC_WARN_64_TO_32_BIT_CONVERSION = YES;
				GCC_WARN_ABOUT_RETURN_TYPE = YES_ERROR;
				GCC_WARN_UNDECLARED_SELECTOR = YES;
				GCC_WARN_UNINITIALIZED_AUTOS = YES_AGGRESSIVE;
				GCC_WARN_UNUSED_FUNCTION = YES;
				GCC_WARN_UNUSED_VARIABLE = YES;
				IPHONEOS_DEPLOYMENT_TARGET = 9.0;
				MTL_ENABLE_DEBUG_INFO = YES;
				ONLY_ACTIVE_ARCH = YES;
				SDKROOT = iphoneos;
				TARGETED_DEVICE_FAMILY = "1,2";
			};
			name = Debug;
		};
		87EB12461C4358C4005A6BA1 /* Release */ = {
			isa = XCBuildConfiguration;
			buildSettings = {
				ALWAYS_SEARCH_USER_PATHS = NO;
				CLANG_CXX_LANGUAGE_STANDARD = "gnu++0x";
				CLANG_CXX_LIBRARY = "libc++";
				CLANG_ENABLE_MODULES = YES;
				CLANG_ENABLE_OBJC_ARC = YES;
				CLANG_WARN_BOOL_CONVERSION = YES;
				CLANG_WARN_CONSTANT_CONVERSION = YES;
				CLANG_WARN_DIRECT_OBJC_ISA_USAGE = YES_ERROR;
				CLANG_WARN_EMPTY_BODY = YES;
				CLANG_WARN_ENUM_CONVERSION = YES;
				CLANG_WARN_INT_CONVERSION = YES;
				CLANG_WARN_OBJC_ROOT_CLASS = YES_ERROR;
				CLANG_WARN_UNREACHABLE_CODE = YES;
				CLANG_WARN__DUPLICATE_METHOD_MATCH = YES;
				"CODE_SIGN_IDENTITY[sdk=iphoneos*]" = "iPhone Developer";
				COPY_PHASE_STRIP = NO;
				DEBUG_INFORMATION_FORMAT = "dwarf-with-dsym";
				ENABLE_NS_ASSERTIONS = NO;
				ENABLE_STRICT_OBJC_MSGSEND = YES;
				GCC_C_LANGUAGE_STANDARD = gnu99;
				GCC_NO_COMMON_BLOCKS = YES;
				GCC_WARN_64_TO_32_BIT_CONVERSION = YES;
				GCC_WARN_ABOUT_RETURN_TYPE = YES_ERROR;
				GCC_WARN_UNDECLARED_SELECTOR = YES;
				GCC_WARN_UNINITIALIZED_AUTOS = YES_AGGRESSIVE;
				GCC_WARN_UNUSED_FUNCTION = YES;
				GCC_WARN_UNUSED_VARIABLE = YES;
				IPHONEOS_DEPLOYMENT_TARGET = 9.0;
				MTL_ENABLE_DEBUG_INFO = NO;
				SDKROOT = iphoneos;
				TARGETED_DEVICE_FAMILY = "1,2";
				VALIDATE_PRODUCT = YES;
			};
			name = Release;
		};
		87EB12481C4358C4005A6BA1 /* Debug */ = {
			isa = XCBuildConfiguration;
			buildSettings = {
				ASSETCATALOG_COMPILER_APPICON_NAME = AppIcon;
				INFOPLIST_FILE = angerbird/Info.plist;
				LD_RUNPATH_SEARCH_PATHS = "$(inherited) @executable_path/Frameworks";
				PRODUCT_BUNDLE_IDENTIFIER = com.zciot.angerbird;
				PRODUCT_NAME = "$(TARGET_NAME)";
			};
			name = Debug;
		};
		87EB12491C4358C4005A6BA1 /* Release */ = {
			isa = XCBuildConfiguration;
			buildSettings = {
				ASSETCATALOG_COMPILER_APPICON_NAME = AppIcon;
				INFOPLIST_FILE = angerbird/Info.plist;
				LD_RUNPATH_SEARCH_PATHS = "$(inherited) @executable_path/Frameworks";
				PRODUCT_BUNDLE_IDENTIFIER = com.zciot.angerbird;
				PRODUCT_NAME = "$(TARGET_NAME)";
			};
			name = Release;
		};
		87EB124B1C4358C4005A6BA1 /* Debug */ = {
			isa = XCBuildConfiguration;
			buildSettings = {
				BUNDLE_LOADER = "$(TEST_HOST)";
				INFOPLIST_FILE = angerbirdTests/Info.plist;
				LD_RUNPATH_SEARCH_PATHS = "$(inherited) @executable_path/Frameworks @loader_path/Frameworks";
				PRODUCT_BUNDLE_IDENTIFIER = com.zciot.angerbirdTests;
				PRODUCT_NAME = "$(TARGET_NAME)";
				TEST_HOST = "$(BUILT_PRODUCTS_DIR)/angerbird.app/angerbird";
			};
			name = Debug;
		};
		87EB124C1C4358C4005A6BA1 /* Release */ = {
			isa = XCBuildConfiguration;
			buildSettings = {
				BUNDLE_LOADER = "$(TEST_HOST)";
				INFOPLIST_FILE = angerbirdTests/Info.plist;
				LD_RUNPATH_SEARCH_PATHS = "$(inherited) @executable_path/Frameworks @loader_path/Frameworks";
				PRODUCT_BUNDLE_IDENTIFIER = com.zciot.angerbirdTests;
				PRODUCT_NAME = "$(TARGET_NAME)";
				TEST_HOST = "$(BUILT_PRODUCTS_DIR)/angerbird.app/angerbird";
			};
			name = Release;
		};
		87EB124E1C4358C4005A6BA1 /* Debug */ = {
			isa = XCBuildConfiguration;
			buildSettings = {
				INFOPLIST_FILE = angerbirdUITests/Info.plist;
				LD_RUNPATH_SEARCH_PATHS = "$(inherited) @executable_path/Frameworks @loader_path/Frameworks";
				PRODUCT_BUNDLE_IDENTIFIER = com.zciot.angerbirdUITests;
				PRODUCT_NAME = "$(TARGET_NAME)";
				TEST_TARGET_NAME = angerbird;
				USES_XCTRUNNER = YES;
			};
			name = Debug;
		};
		87EB124F1C4358C4005A6BA1 /* Release */ = {
			isa = XCBuildConfiguration;
			buildSettings = {
				INFOPLIST_FILE = angerbirdUITests/Info.plist;
				LD_RUNPATH_SEARCH_PATHS = "$(inherited) @executable_path/Frameworks @loader_path/Frameworks";
				PRODUCT_BUNDLE_IDENTIFIER = com.zciot.angerbirdUITests;
				PRODUCT_NAME = "$(TARGET_NAME)";
				TEST_TARGET_NAME = angerbird;
				USES_XCTRUNNER = YES;
			};
			name = Release;
		};
/* End XCBuildConfiguration section */

/* Begin XCConfigurationList section */
		87EB12151C4358C2005A6BA1 /* Build configuration list for PBXProject "angerbird" */ = {
			isa = XCConfigurationList;
			buildConfigurations = (
				87EB12451C4358C4005A6BA1 /* Debug */,
				87EB12461C4358C4005A6BA1 /* Release */,
			);
			defaultConfigurationIsVisible = 0;
			defaultConfigurationName = Release;
		};
		87EB12471C4358C4005A6BA1 /* Build configuration list for PBXNativeTarget "angerbird" */ = {
			isa = XCConfigurationList;
			buildConfigurations = (
				87EB12481C4358C4005A6BA1 /* Debug */,
				87EB12491C4358C4005A6BA1 /* Release */,
			);
			defaultConfigurationIsVisible = 0;
			defaultConfigurationName = Release;
		};
		87EB124A1C4358C4005A6BA1 /* Build configuration list for PBXNativeTarget "angerbirdTests" */ = {
			isa = XCConfigurationList;
			buildConfigurations = (
				87EB124B1C4358C4005A6BA1 /* Debug */,
				87EB124C1C4358C4005A6BA1 /* Release */,
			);
			defaultConfigurationIsVisible = 0;
			defaultConfigurationName = Release;
		};
		87EB124D1C4358C4005A6BA1 /* Build configuration list for PBXNativeTarget "angerbirdUITests" */ = {
			isa = XCConfigurationList;
			buildConfigurations = (
				87EB124E1C4358C4005A6BA1 /* Debug */,
				87EB124F1C4358C4005A6BA1 /* Release */,
			);
			defaultConfigurationIsVisible = 0;
			defaultConfigurationName = Release;
		};
/* End XCConfigurationList section */
	};
	rootObject = 87EB12121C4358C2005A6BA1 /* Project object */;
}
